<?xml version="1.0" encoding="utf-8"?>
<Project ToolsVersion="4.0" xmlns="http://schemas.microsoft.com/developer/msbuild/2003">
  <ItemGroup>
    <Filter Include="Source Files">
      <UniqueIdentifier>{4FC737F1-C7A5-4376-A066-2A32D752A2FF}</UniqueIdentifier>
      <Extensions>cpp;c;cc;cxx;c++;cppm;ixx;def;odl;idl;hpj;bat;asm;asmx</Extensions>
    </Filter>
    <Filter Include="Header Files">
      <UniqueIdentifier>{93995380-89BD-4b04-88EB-625FBE52EBFB}</UniqueIdentifier>
      <Extensions>h;hh;hpp;hxx;h++;hm;inl;inc;ipp;xsd</Extensions>
    </Filter>
    <Filter Include="Resource Files">
      <UniqueIdentifier>{67DA6AB6-F800-4c08-8B7A-83BB121AAD01}</UniqueIdentifier>
      <Extensions>rc;ico;cur;bmp;dlg;rc2;rct;bin;rgs;gif;jpg;jpeg;jpe;resx;tiff;tif;png;wav;mfcribbon-ms</Extensions>
    </Filter>
  </ItemGroup>
  <ItemGroup>
    <ClInclude Include="framework.h">
      <Filter>Header Files</Filter>
    </ClInclude>
    <ClInclude Include="targetver.h">
      <Filter>Header Files</Filter>
    </ClInclude>
    <ClInclude Include="MainFrm.h">
      <Filter>Header Files</Filter>
    </ClInclude>
    <ClInclude Include="dragonDoc.h">
      <Filter>Header Files</Filter>
    </ClInclude>
    <ClInclude Include="dragonView.h">
      <Filter>Header Files</Filter>
    </ClInclude>
    <ClInclude Include="Resource.h">
      <Filter>Header Files</Filter>
    </ClInclude>
    <ClInclude Include="CTree.h">
      <Filter>Header Files</Filter>
    </ClInclude>
    <ClInclude Include="about.h">
      <Filter>Header Files</Filter>
    </ClInclude>
    <ClInclude Include="database.h">
      <Filter>Header Files</Filter>
    </ClInclude>
    <ClInclude Include="structures.h">
      <Filter>Header Files</Filter>
    </ClInclude>
    <ClInclude Include="version.h">
      <Filter>Header Files</Filter>
    </ClInclude>
    <ClInclude Include="build_defs.h">
      <Filter>Header Files</Filter>
    </ClInclude>
    <ClInclude Include="editHtmlLine.h">
      <Filter>Header Files</Filter>
    </ClInclude>
    <ClInclude Include="editHtmlLines.h">
      <Filter>Header Files</Filter>
    </ClInclude>
    <ClInclude Include="GetString.h">
      <Filter>Header Files</Filter>
    </ClInclude>
    <ClInclude Include="Languages.h">
      <Filter>Header Files</Filter>
    </ClInclude>
    <ClInclude Include="Message.h">
      <Filter>Header Files</Filter>
    </ClInclude>
    <ClInclude Include="SaveFirstName.h">
      <Filter>Header Files</Filter>
    </ClInclude>
    <ClInclude Include="Table_firstnames.h">
      <Filter>Header Files</Filter>
    </ClInclude>
    <ClInclude Include="SelectOne.h">
      <Filter>Header Files</Filter>
    </ClInclude>
    <ClInclude Include="SelectString.h">
      <Filter>Header Files</Filter>
    </ClInclude>
    <ClInclude Include="EditFirstName.h">
      <Filter>Header Files</Filter>
    </ClInclude>
    <ClInclude Include="NamesParam.h">
      <Filter>Header Files</Filter>
    </ClInclude>
    <ClInclude Include="Table_people.h">
      <Filter>Header Files</Filter>
    </ClInclude>
    <ClInclude Include="Table_people_columns.h">
      <Filter>Header Files</Filter>
    </ClInclude>
    <ClInclude Include="checkSpouseAge.h">
      <Filter>Header Files</Filter>
    </ClInclude>
    <ClInclude Include="checkSpousesDiff.h">
      <Filter>Header Files</Filter>
    </ClInclude>
    <ClInclude Include="checkSpousesSex.h">
      <Filter>Header Files</Filter>
    </ClInclude>
    <ClInclude Include="checkUnreferencedItems.h">
      <Filter>Header Files</Filter>
    </ClInclude>
    <ClInclude Include="compareAscendants.h">
      <Filter>Header Files</Filter>
    </ClInclude>
    <ClInclude Include="compareEntries.h">
      <Filter>Header Files</Filter>
    </ClInclude>
    <ClInclude Include="ConnectCsaladTorzs.h">
      <Filter>Header Files</Filter>
    </ClInclude>
    <ClInclude Include="utilities_dragon.h">
      <Filter>Header Files</Filter>
    </ClInclude>
    <ClInclude Include="checkParam.h">
      <Filter>Header Files</Filter>
    </ClInclude>
    <ClInclude Include="checkParam0.h">
      <Filter>Header Files</Filter>
    </ClInclude>
    <ClInclude Include="checkParam3.h">
      <Filter>Header Files</Filter>
    </ClInclude>
    <ClInclude Include="checkParam4.h">
      <Filter>Header Files</Filter>
    </ClInclude>
    <ClInclude Include="checkParentChild.h">
      <Filter>Header Files</Filter>
    </ClInclude>
    <ClInclude Include="checkParents.h">
      <Filter>Header Files</Filter>
    </ClInclude>
    <ClInclude Include="checkSameNameAnd.h">
      <Filter>Header Files</Filter>
    </ClInclude>
    <ClInclude Include="checkSameSpouses.h">
      <Filter>Header Files</Filter>
    </ClInclude>
    <ClInclude Include="dragon.h">
      <Filter>Header Files</Filter>
    </ClInclude>
    <ClInclude Include="ascendants.h">
      <Filter>Header Files</Filter>
    </ClInclude>
    <ClInclude Include="ascendantsEnum.h">
      <Filter>Header Files</Filter>
    </ClInclude>
    <ClInclude Include="ascendantsFull.h">
      <Filter>Header Files</Filter>
    </ClInclude>
    <ClInclude Include="ascendantsLinear_Table.h">
      <Filter>Header Files</Filter>
    </ClInclude>
    <ClInclude Include="ascendantsPaint.h">
      <Filter>Header Files</Filter>
    </ClInclude>
    <ClInclude Include="ascendantsUnique.h">
      <Filter>Header Files</Filter>
    </ClInclude>
    <ClInclude Include="Brackets.h">
      <Filter>Header Files</Filter>
    </ClInclude>
    <ClInclude Include="CDialogRichText.h">
      <Filter>Header Files</Filter>
    </ClInclude>
    <ClInclude Include="checkBefore.h">
      <Filter>Header Files</Filter>
    </ClInclude>
    <ClInclude Include="checkDateFormat.h">
      <Filter>Header Files</Filter>
    </ClInclude>
    <ClInclude Include="checkFamilyDates.h">
      <Filter>Header Files</Filter>
    </ClInclude>
    <ClInclude Include="checkFamilyDatesStart.h">
      <Filter>Header Files</Filter>
    </ClInclude>
    <ClInclude Include="CheckFatherChildren.h">
      <Filter>Header Files</Filter>
    </ClInclude>
    <ClInclude Include="checkFatherDeath.h">
      <Filter>Header Files</Filter>
    </ClInclude>
    <ClInclude Include="checkGenerations.h">
      <Filter>Header Files</Filter>
    </ClInclude>
    <ClInclude Include="checkIntegrity.h">
      <Filter>Header Files</Filter>
    </ClInclude>
    <ClInclude Include="checkLifespan.h">
      <Filter>Header Files</Filter>
    </ClInclude>
    <ClInclude Include="checkMotherDeath.h">
      <Filter>Header Files</Filter>
    </ClInclude>
    <ClInclude Include="checkMotherIndex.h">
      <Filter>Header Files</Filter>
    </ClInclude>
    <ClInclude Include="checkNames.h">
      <Filter>Header Files</Filter>
    </ClInclude>
    <ClInclude Include="checkNumOfChildren.h">
      <Filter>Header Files</Filter>
    </ClInclude>
    <ClInclude Include="checkNumOfSpouses.h">
      <Filter>Header Files</Filter>
    </ClInclude>
    <ClInclude Include="checkOrderWife.h">
      <Filter>Header Files</Filter>
    </ClInclude>
    <ClInclude Include="EditComment.h">
      <Filter>Header Files</Filter>
    </ClInclude>
    <ClInclude Include="EditMarriage.h">
      <Filter>Header Files</Filter>
    </ClInclude>
    <ClInclude Include="EditPeople.h">
      <Filter>Header Files</Filter>
    </ClInclude>
    <ClInclude Include="EditTable.h">
      <Filter>Header Files</Filter>
    </ClInclude>
    <ClInclude Include="FatherMother.h">
      <Filter>Header Files</Filter>
    </ClInclude>
    <ClInclude Include="Filter.h">
      <Filter>Header Files</Filter>
    </ClInclude>
    <ClInclude Include="Date.h">
      <Filter>Header Files</Filter>
    </ClInclude>
    <ClInclude Include="old_descendants.h">
      <Filter>Header Files</Filter>
    </ClInclude>
    <ClInclude Include="old_descendantsParam.h">
      <Filter>Header Files</Filter>
    </ClInclude>
    <ClInclude Include="displayInfo.h">
      <Filter>Header Files</Filter>
    </ClInclude>
    <ClInclude Include="GEDCOM_file.h">
      <Filter>Header Files</Filter>
    </ClInclude>
    <ClInclude Include="GEDCOM_input.h">
      <Filter>Header Files</Filter>
    </ClInclude>
    <ClInclude Include="GEDCOM_out.h">
      <Filter>Header Files</Filter>
    </ClInclude>
    <ClInclude Include="GEDCOM_TAGS.h">
      <Filter>Header Files</Filter>
    </ClInclude>
    <ClInclude Include="GEDCOM_typdef.h">
      <Filter>Header Files</Filter>
    </ClInclude>
    <ClInclude Include="GetLastFirst.h">
      <Filter>Header Files</Filter>
    </ClInclude>
    <ClInclude Include="GetMarriage.h">
      <Filter>Header Files</Filter>
    </ClInclude>
    <ClInclude Include="GetPeople.h">
      <Filter>Header Files</Filter>
    </ClInclude>
    <ClInclude Include="history.h">
      <Filter>Header Files</Filter>
    </ClInclude>
    <ClInclude Include="html_Descendants.h">
      <Filter>Header Files</Filter>
    </ClInclude>
    <ClInclude Include="html_File.h">
      <Filter>Header Files</Filter>
    </ClInclude>
    <ClInclude Include="html_Spouses.h">
      <Filter>Header Files</Filter>
    </ClInclude>
    <ClInclude Include="html_SpouseSpouses.h">
      <Filter>Header Files</Filter>
    </ClInclude>
    <ClInclude Include="Info_db.h">
      <Filter>Header Files</Filter>
    </ClInclude>
    <ClInclude Include="inputGA.h">
      <Filter>Header Files</Filter>
    </ClInclude>
    <ClInclude Include="inputGA_typedef.h">
      <Filter>Header Files</Filter>
    </ClInclude>
    <ClInclude Include="inputGEDCOM.h">
      <Filter>Header Files</Filter>
    </ClInclude>
    <ClInclude Include="ListCtrlColoredHeader.h">
      <Filter>Header Files</Filter>
    </ClInclude>
    <ClInclude Include="MoreSpouses.h">
      <Filter>Header Files</Filter>
    </ClInclude>
    <ClInclude Include="Pictures.h">
      <Filter>Header Files</Filter>
    </ClInclude>
    <ClInclude Include="Relatives.h">
      <Filter>Header Files</Filter>
    </ClInclude>
    <ClInclude Include="SameName.h">
      <Filter>Header Files</Filter>
    </ClInclude>
    <ClInclude Include="SameParams.h">
      <Filter>Header Files</Filter>
    </ClInclude>
    <ClInclude Include="SelectFamily.h">
      <Filter>Header Files</Filter>
    </ClInclude>
    <ClInclude Include="SelectFamilyName.h">
      <Filter>Header Files</Filter>
    </ClInclude>
    <ClInclude Include="SelectFromPeople.h">
      <Filter>Header Files</Filter>
    </ClInclude>
    <ClInclude Include="SelectHtmlFile.h">
      <Filter>Header Files</Filter>
    </ClInclude>
    <ClInclude Include="SelectLineNumber.h">
      <Filter>Header Files</Filter>
    </ClInclude>
    <ClInclude Include="SelectMother.h">
      <Filter>Header Files</Filter>
    </ClInclude>
    <ClInclude Include="SelectParent.h">
      <Filter>Header Files</Filter>
    </ClInclude>
    <ClInclude Include="SelectPeople.h">
      <Filter>Header Files</Filter>
    </ClInclude>
    <ClInclude Include="SelectTable.h">
      <Filter>Header Files</Filter>
    </ClInclude>
    <ClInclude Include="SelectTableName.h">
      <Filter>Header Files</Filter>
    </ClInclude>
    <ClInclude Include="Setup.h">
      <Filter>Header Files</Filter>
    </ClInclude>
    <ClInclude Include="stdafx.h">
      <Filter>Header Files</Filter>
    </ClInclude>
    <ClInclude Include="Table_blobs.h">
      <Filter>Header Files</Filter>
    </ClInclude>
    <ClInclude Include="Table_files.h">
      <Filter>Header Files</Filter>
    </ClInclude>
    <ClInclude Include="Table_GaTables.h">
      <Filter>Header Files</Filter>
    </ClInclude>
    <ClInclude Include="Table_html.h">
      <Filter>Header Files</Filter>
    </ClInclude>
    <ClInclude Include="Table_marriages.h">
      <Filter>Header Files</Filter>
    </ClInclude>
    <ClInclude Include="Table_tables.h">
      <Filter>Header Files</Filter>
    </ClInclude>
    <ClInclude Include="unitedEntries.h">
      <Filter>Header Files</Filter>
    </ClInclude>
    <ClInclude Include="unitedEntriesDifferent.h">
      <Filter>Header Files</Filter>
    </ClInclude>
    <ClInclude Include="unitedEntriesErrors.h">
      <Filter>Header Files</Filter>
    </ClInclude>
    <ClInclude Include="unitedEntriesUnited.h">
      <Filter>Header Files</Filter>
    </ClInclude>
    <ClInclude Include="uniteEntries.h">
      <Filter>Header Files</Filter>
    </ClInclude>
    <ClInclude Include="uniteStructures.h">
      <Filter>Header Files</Filter>
    </ClInclude>
    <ClInclude Include="pch.h">
      <Filter>Header Files</Filter>
    </ClInclude>
    <ClInclude Include="CListView.h">
      <Filter>Header Files</Filter>
    </ClInclude>
    <ClInclude Include="unitedEntriesX.h">
      <Filter>Header Files</Filter>
    </ClInclude>
    <ClInclude Include="CDescendantsLinearTable.h">
      <Filter>Header Files</Filter>
    </ClInclude>
    <ClInclude Include="CDescendantsFull.h">
      <Filter>Header Files</Filter>
    </ClInclude>
    <ClInclude Include="CDescendantsUnique.h">
      <Filter>Header Files</Filter>
    </ClInclude>
    <ClInclude Include="CDescendants.h">
      <Filter>Header Files</Filter>
    </ClInclude>
  </ItemGroup>
  <ItemGroup>
    <ClCompile Include="dragon.cpp">
      <Filter>Source Files</Filter>
    </ClCompile>
    <ClCompile Include="MainFrm.cpp">
      <Filter>Source Files</Filter>
    </ClCompile>
    <ClCompile Include="dragonDoc.cpp">
      <Filter>Source Files</Filter>
    </ClCompile>
    <ClCompile Include="dragonView.cpp">
      <Filter>Source Files</Filter>
    </ClCompile>
    <ClCompile Include="about.cpp">
      <Filter>Source Files</Filter>
    </ClCompile>
    <ClCompile Include="editHtmlLine.cpp">
      <Filter>Source Files</Filter>
    </ClCompile>
    <ClCompile Include="editHtmlLines.cpp">
      <Filter>Source Files</Filter>
    </ClCompile>
    <ClCompile Include="GetString.cpp">
      <Filter>Source Files</Filter>
    </ClCompile>
    <ClCompile Include="Languages.cpp">
      <Filter>Source Files</Filter>
    </ClCompile>
    <ClCompile Include="Message.cpp">
      <Filter>Source Files</Filter>
    </ClCompile>
    <ClCompile Include="SaveFirstName.cpp">
      <Filter>Source Files</Filter>
    </ClCompile>
    <ClCompile Include="Table_firstnames.cpp">
      <Filter>Source Files</Filter>
    </ClCompile>
    <ClCompile Include="SelectOne.cpp">
      <Filter>Source Files</Filter>
    </ClCompile>
    <ClCompile Include="SelectString.cpp">
      <Filter>Source Files</Filter>
    </ClCompile>
    <ClCompile Include="EditFirstName.cpp">
      <Filter>Source Files</Filter>
    </ClCompile>
    <ClCompile Include="NamesParam.cpp">
      <Filter>Source Files</Filter>
    </ClCompile>
    <ClCompile Include="app_export.cpp">
      <Filter>Source Files</Filter>
    </ClCompile>
    <ClCompile Include="Table_people.cpp">
      <Filter>Source Files</Filter>
    </ClCompile>
    <ClCompile Include="checkSpouseAge.cpp">
      <Filter>Source Files</Filter>
    </ClCompile>
    <ClCompile Include="checkSpousesDiff.cpp">
      <Filter>Source Files</Filter>
    </ClCompile>
    <ClCompile Include="checkSpousesSex.cpp">
      <Filter>Source Files</Filter>
    </ClCompile>
    <ClCompile Include="checkUnreferencedItems.cpp">
      <Filter>Source Files</Filter>
    </ClCompile>
    <ClCompile Include="compareAscendans.cpp">
      <Filter>Source Files</Filter>
    </ClCompile>
    <ClCompile Include="compareEntries.cpp">
      <Filter>Source Files</Filter>
    </ClCompile>
    <ClCompile Include="ConnectCsaladTorzs.cpp">
      <Filter>Source Files</Filter>
    </ClCompile>
    <ClCompile Include="utilities_dragon.cpp">
      <Filter>Source Files</Filter>
    </ClCompile>
    <ClCompile Include="checkParam.cpp">
      <Filter>Source Files</Filter>
    </ClCompile>
    <ClCompile Include="checkParam0.cpp">
      <Filter>Source Files</Filter>
    </ClCompile>
    <ClCompile Include="checkParam3.cpp">
      <Filter>Source Files</Filter>
    </ClCompile>
    <ClCompile Include="checkParam4.cpp">
      <Filter>Source Files</Filter>
    </ClCompile>
    <ClCompile Include="checkParentChild.cpp">
      <Filter>Source Files</Filter>
    </ClCompile>
    <ClCompile Include="checkParents.cpp">
      <Filter>Source Files</Filter>
    </ClCompile>
    <ClCompile Include="checkSameNameAnd.cpp">
      <Filter>Source Files</Filter>
    </ClCompile>
    <ClCompile Include="checkSameSpouses.cpp">
      <Filter>Source Files</Filter>
    </ClCompile>
    <ClCompile Include="ascendandsLinear_Html.cpp">
      <Filter>Source Files</Filter>
    </ClCompile>
    <ClCompile Include="ascendants.cpp">
      <Filter>Source Files</Filter>
    </ClCompile>
    <ClCompile Include="ascendants_FixHeader.cpp">
      <Filter>Source Files</Filter>
    </ClCompile>
    <ClCompile Include="ascendantsFull.cpp">
      <Filter>Source Files</Filter>
    </ClCompile>
    <ClCompile Include="ascendantsLinear_Table.cpp">
      <Filter>Source Files</Filter>
    </ClCompile>
    <ClCompile Include="ascendantsLinearTable_old.cpp">
      <Filter>Source Files</Filter>
    </ClCompile>
    <ClCompile Include="ascendantsPaint.cpp">
      <Filter>Source Files</Filter>
    </ClCompile>
    <ClCompile Include="ascendants_IndentedHtml.cpp">
      <Filter>Source Files</Filter>
    </ClCompile>
    <ClCompile Include="ascendantsUnique.cpp">
      <Filter>Source Files</Filter>
    </ClCompile>
    <ClCompile Include="Brackets.cpp">
      <Filter>Source Files</Filter>
    </ClCompile>
    <ClCompile Include="CDialogRichText.cpp">
      <Filter>Source Files</Filter>
    </ClCompile>
    <ClCompile Include="checkBefore.cpp">
      <Filter>Source Files</Filter>
    </ClCompile>
    <ClCompile Include="checkDateFormat.cpp">
      <Filter>Source Files</Filter>
    </ClCompile>
    <ClCompile Include="checkFamilyDates.cpp">
      <Filter>Source Files</Filter>
    </ClCompile>
    <ClCompile Include="checkFamilyDatesStart.cpp">
      <Filter>Source Files</Filter>
    </ClCompile>
    <ClCompile Include="CheckFatherChildren.cpp">
      <Filter>Source Files</Filter>
    </ClCompile>
    <ClCompile Include="checkFatherDeath.cpp">
      <Filter>Source Files</Filter>
    </ClCompile>
    <ClCompile Include="checkGenerations.cpp">
      <Filter>Source Files</Filter>
    </ClCompile>
    <ClCompile Include="checkIntegrity.cpp">
      <Filter>Source Files</Filter>
    </ClCompile>
    <ClCompile Include="checkLifespan.cpp">
      <Filter>Source Files</Filter>
    </ClCompile>
    <ClCompile Include="checkMotherDeath.cpp">
      <Filter>Source Files</Filter>
    </ClCompile>
    <ClCompile Include="checkMotherIndex.cpp">
      <Filter>Source Files</Filter>
    </ClCompile>
    <ClCompile Include="checkNames.cpp">
      <Filter>Source Files</Filter>
    </ClCompile>
    <ClCompile Include="checkNumOfChildren.cpp">
      <Filter>Source Files</Filter>
    </ClCompile>
    <ClCompile Include="checkNumOfSpouses.cpp">
      <Filter>Source Files</Filter>
    </ClCompile>
    <ClCompile Include="checkOrderWife.cpp">
      <Filter>Source Files</Filter>
    </ClCompile>
    <ClCompile Include="EditComment.cpp">
      <Filter>Source Files</Filter>
    </ClCompile>
    <ClCompile Include="EditMarriage.cpp">
      <Filter>Source Files</Filter>
    </ClCompile>
    <ClCompile Include="EditPeople.cpp">
      <Filter>Source Files</Filter>
    </ClCompile>
    <ClCompile Include="EditTable.cpp">
      <Filter>Source Files</Filter>
    </ClCompile>
    <ClCompile Include="FatherMother.cpp">
      <Filter>Source Files</Filter>
    </ClCompile>
    <ClCompile Include="Filter.cpp">
      <Filter>Source Files</Filter>
    </ClCompile>
    <ClCompile Include="Date.cpp">
      <Filter>Source Files</Filter>
    </ClCompile>
    <ClCompile Include="old_descendants.cpp">
      <Filter>Source Files</Filter>
    </ClCompile>
    <ClCompile Include="old_descendantsParam.cpp">
      <Filter>Source Files</Filter>
    </ClCompile>
    <ClCompile Include="old_descendantsPrint..cpp">
      <Filter>Source Files</Filter>
    </ClCompile>
    <ClCompile Include="old_descendantsPrintTxt.cpp">
      <Filter>Source Files</Filter>
    </ClCompile>
    <ClCompile Include="displayInfo.cpp">
      <Filter>Source Files</Filter>
    </ClCompile>
    <ClCompile Include="GEDCOM_file.cpp">
      <Filter>Source Files</Filter>
    </ClCompile>
    <ClCompile Include="GEDCOM_input.cpp">
      <Filter>Source Files</Filter>
    </ClCompile>
    <ClCompile Include="GEDCOM_input_fillVectors.cpp">
      <Filter>Source Files</Filter>
    </ClCompile>
    <ClCompile Include="GEDCOM_input_listVectors.cpp">
      <Filter>Source Files</Filter>
    </ClCompile>
    <ClCompile Include="GEDCOM_input_processName.cpp">
      <Filter>Source Files</Filter>
    </ClCompile>
    <ClCompile Include="GEDCOM_out.cpp">
      <Filter>Source Files</Filter>
    </ClCompile>
    <ClCompile Include="GetLastFirst.cpp">
      <Filter>Source Files</Filter>
    </ClCompile>
    <ClCompile Include="GetMarriage.cpp">
      <Filter>Source Files</Filter>
    </ClCompile>
    <ClCompile Include="GetPeople.cpp">
      <Filter>Source Files</Filter>
    </ClCompile>
    <ClCompile Include="html_Descendants.cpp">
      <Filter>Source Files</Filter>
    </ClCompile>
    <ClCompile Include="html_File.cpp">
      <Filter>Source Files</Filter>
    </ClCompile>
    <ClCompile Include="html_Spouses.cpp">
      <Filter>Source Files</Filter>
    </ClCompile>
    <ClCompile Include="html_SpouseSpouses.cpp">
      <Filter>Source Files</Filter>
    </ClCompile>
    <ClCompile Include="Info_db.cpp">
      <Filter>Source Files</Filter>
    </ClCompile>
    <ClCompile Include="inputGA.cpp">
      <Filter>Source Files</Filter>
    </ClCompile>
    <ClCompile Include="inputGA_descendantString.cpp">
      <Filter>Source Files</Filter>
    </ClCompile>
    <ClCompile Include="inputGA_insert.cpp">
      <Filter>Source Files</Filter>
    </ClCompile>
    <ClCompile Include="inputGA_new.cpp">
      <Filter>Source Files</Filter>
    </ClCompile>
    <ClCompile Include="inputGA_splitLine.cpp">
      <Filter>Source Files</Filter>
    </ClCompile>
    <ClCompile Include="inputGA_spouseString.cpp">
      <Filter>Source Files</Filter>
    </ClCompile>
    <ClCompile Include="inputGA_tableHeader.cpp">
      <Filter>Source Files</Filter>
    </ClCompile>
    <ClCompile Include="inputGEDCOM.cpp">
      <Filter>Source Files</Filter>
    </ClCompile>
    <ClCompile Include="inputGEDCOM_tags.cpp">
      <Filter>Source Files</Filter>
    </ClCompile>
    <ClCompile Include="ListCtrlColoredHeader.cpp">
      <Filter>Source Files</Filter>
    </ClCompile>
    <ClCompile Include="MoreSpouses.cpp">
      <Filter>Source Files</Filter>
    </ClCompile>
    <ClCompile Include="Pictures.cpp">
      <Filter>Source Files</Filter>
    </ClCompile>
    <ClCompile Include="Relatives.cpp">
      <Filter>Source Files</Filter>
    </ClCompile>
    <ClCompile Include="SameName.cpp">
      <Filter>Source Files</Filter>
    </ClCompile>
    <ClCompile Include="SameParams.cpp">
      <Filter>Source Files</Filter>
    </ClCompile>
    <ClCompile Include="SelectFamily.cpp">
      <Filter>Source Files</Filter>
    </ClCompile>
    <ClCompile Include="SelectFamilyName.cpp">
      <Filter>Source Files</Filter>
    </ClCompile>
    <ClCompile Include="SelectFromPeople.cpp">
      <Filter>Source Files</Filter>
    </ClCompile>
    <ClCompile Include="SelectHtmlFile.cpp">
      <Filter>Source Files</Filter>
    </ClCompile>
    <ClCompile Include="SelectLineNumber.cpp">
      <Filter>Source Files</Filter>
    </ClCompile>
    <ClCompile Include="SelectMother.cpp">
      <Filter>Source Files</Filter>
    </ClCompile>
    <ClCompile Include="SelectParent.cpp">
      <Filter>Source Files</Filter>
    </ClCompile>
    <ClCompile Include="SelectPeople.cpp">
      <Filter>Source Files</Filter>
    </ClCompile>
    <ClCompile Include="SelectTable.cpp">
      <Filter>Source Files</Filter>
    </ClCompile>
    <ClCompile Include="SelectTableName.cpp">
      <Filter>Source Files</Filter>
    </ClCompile>
    <ClCompile Include="Setup.cpp">
      <Filter>Source Files</Filter>
    </ClCompile>
    <ClCompile Include="stdafx.cpp">
      <Filter>Source Files</Filter>
    </ClCompile>
    <ClCompile Include="Table_blobs.cpp">
      <Filter>Source Files</Filter>
    </ClCompile>
    <ClCompile Include="Table_files.cpp">
      <Filter>Source Files</Filter>
    </ClCompile>
    <ClCompile Include="Table_GaTables.cpp">
      <Filter>Source Files</Filter>
    </ClCompile>
    <ClCompile Include="Table_html.cpp">
      <Filter>Source Files</Filter>
    </ClCompile>
    <ClCompile Include="Table_marriages.cpp">
      <Filter>Source Files</Filter>
    </ClCompile>
    <ClCompile Include="Table_tables.cpp">
      <Filter>Source Files</Filter>
    </ClCompile>
    <ClCompile Include="unitedEntries.cpp">
      <Filter>Source Files</Filter>
    </ClCompile>
    <ClCompile Include="unitedEntriesDifferent.cpp">
      <Filter>Source Files</Filter>
    </ClCompile>
    <ClCompile Include="unitedEntriesErrors.cpp">
      <Filter>Source Files</Filter>
    </ClCompile>
    <ClCompile Include="unitedEntriesUnited.cpp">
      <Filter>Source Files</Filter>
    </ClCompile>
    <ClCompile Include="unitedInfo.cpp">
      <Filter>Source Files</Filter>
    </ClCompile>
    <ClCompile Include="uniteEntries.cpp">
      <Filter>Source Files</Filter>
    </ClCompile>
    <ClCompile Include="dragon_utilites.cpp">
      <Filter>Source Files</Filter>
    </ClCompile>
    <ClCompile Include="dragon_functions.cpp">
      <Filter>Source Files</Filter>
    </ClCompile>
    <ClCompile Include="pch.cpp">
      <Filter>Source Files</Filter>
    </ClCompile>
    <ClCompile Include="CListView.cpp">
      <Filter>Source Files</Filter>
    </ClCompile>
    <ClCompile Include="unitedEntriesX.cpp">
      <Filter>Source Files</Filter>
    </ClCompile>
    <ClCompile Include="old_descendantsLinearTable.cpp">
      <Filter>Source Files</Filter>
    </ClCompile>
    <ClCompile Include="CDescendantsLinearTable.cpp">
      <Filter>Source Files</Filter>
    </ClCompile>
    <ClCompile Include="CDescendantsFull.cpp">
      <Filter>Source Files</Filter>
    </ClCompile>
    <ClCompile Include="CDescendantsUnique.cpp">
      <Filter>Source Files</Filter>
    </ClCompile>
    <ClCompile Include="CDescendants.cpp">
      <Filter>Source Files</Filter>
    </ClCompile>
    <ClCompile Include="CDescendants_Vector.cpp">
      <Filter>Source Files</Filter>
    </ClCompile>
    <ClCompile Include="CDescendants_IndentedHtml.cpp">
      <Filter>Source Files</Filter>
    </ClCompile>
    <ClCompile Include="CDescendants_PrintTxt.cpp">
      <Filter>Source Files</Filter>
    </ClCompile>
    <ClCompile Include="CDescendants_LinearHtml.cpp">
      <Filter>Source Files</Filter>
    </ClCompile>
  </ItemGroup>
  <ItemGroup>
    <ResourceCompile Include="dragon.rc">
      <Filter>Resource Files</Filter>
    </ResourceCompile>
  </ItemGroup>
  <ItemGroup>
    <Image Include="res\buttons.bmp">
      <Filter>Resource Files</Filter>
    </Image>
    <Image Include="res\filelarge.bmp">
      <Filter>Resource Files</Filter>
    </Image>
    <Image Include="res\filesmall.bmp">
      <Filter>Resource Files</Filter>
    </Image>
    <Image Include="res\main.bmp">
      <Filter>Resource Files</Filter>
    </Image>
    <Image Include="res\writelarge.bmp">
      <Filter>Resource Files</Filter>
    </Image>
    <Image Include="res\writesmall.bmp">
      <Filter>Resource Files</Filter>
    </Image>
    <Image Include="res\dragonDoc.ico">
      <Filter>Resource Files</Filter>
    </Image>
    <Image Include="res\dragon.ico">
      <Filter>Resource Files</Filter>
    </Image>
    <Image Include="res\Toolbar.bmp">
      <Filter>Resource Files</Filter>
    </Image>
    <Image Include="res\Toolbar256.bmp">
      <Filter>Resource Files</Filter>
    </Image>
    <Image Include="res\tree91x60.bmp">
      <Filter>Resource Files</Filter>
    </Image>
    <Image Include="res\tree.bmp">
      <Filter>Resource Files</Filter>
    </Image>
    <Image Include="res\bitmap1.bmp">
      <Filter>Resource Files</Filter>
    </Image>
    <Image Include="res\tree.ico">
      <Filter>Resource Files</Filter>
    </Image>
  </ItemGroup>
  <ItemGroup>
    <None Include="res\ribbon.mfcribbon-ms">
      <Filter>Resource Files</Filter>
    </None>
    <None Include="res\dragon.rc2">
      <Filter>Resource Files</Filter>
    </None>
  </ItemGroup>
  <ItemGroup>
    <Text Include="ReadMe.txt" />
  </ItemGroup>
</Project>