<?xml version="1.0" encoding="utf-8"?>
<Project ToolsVersion="4.0" xmlns="http://schemas.microsoft.com/developer/msbuild/2003">
  <ItemGroup>
    <Filter Include="Source Files">
      <UniqueIdentifier>{4FC737F1-C7A5-4376-A066-2A32D752A2FF}</UniqueIdentifier>
      <Extensions>cpp;c;cc;cxx;def;odl;idl;hpj;bat;asm;asmx</Extensions>
    </Filter>
    <Filter Include="Header Files">
      <UniqueIdentifier>{93995380-89BD-4b04-88EB-625FBE52EBFB}</UniqueIdentifier>
      <Extensions>h;hpp;hxx;hm;inl;inc;xsd</Extensions>
    </Filter>
    <Filter Include="Resource Files">
      <UniqueIdentifier>{67DA6AB6-F800-4c08-8B7A-83BB121AAD01}</UniqueIdentifier>
      <Extensions>rc;ico;cur;bmp;dlg;rc2;rct;bin;rgs;gif;jpg;jpeg;jpe;resx;tiff;tif;png;wav;mfcribbon-ms</Extensions>
    </Filter>
  </ItemGroup>
  <ItemGroup>
    <Text Include="ReadMe.txt" />
  </ItemGroup>
  <ItemGroup>
    <ClInclude Include="Fa.h">
      <Filter>Header Files</Filter>
    </ClInclude>
    <ClInclude Include="FaDlg.h">
      <Filter>Header Files</Filter>
    </ClInclude>
    <ClInclude Include="stdafx.h">
      <Filter>Header Files</Filter>
    </ClInclude>
    <ClInclude Include="targetver.h">
      <Filter>Header Files</Filter>
    </ClInclude>
    <ClInclude Include="Resource.h">
      <Filter>Header Files</Filter>
    </ClInclude>
    <ClInclude Include="ColorStatic.h">
      <Filter>Header Files</Filter>
    </ClInclude>
    <ClInclude Include="ComboItem.h">
      <Filter>Header Files</Filter>
    </ClInclude>
    <ClInclude Include="database.h">
      <Filter>Header Files</Filter>
    </ClInclude>
    <ClInclude Include="EasySizeHD.h">
      <Filter>Header Files</Filter>
    </ClInclude>
    <ClInclude Include="EditItem.h">
      <Filter>Header Files</Filter>
    </ClInclude>
    <ClInclude Include="ListBoxEx.h">
      <Filter>Header Files</Filter>
    </ClInclude>
    <ClInclude Include="ListCtrlEx.h">
      <Filter>Header Files</Filter>
    </ClInclude>
    <ClInclude Include="ProgressWnd.h">
      <Filter>Header Files</Filter>
    </ClInclude>
    <ClInclude Include="sfqSort.h">
      <Filter>Header Files</Filter>
    </ClInclude>
    <ClInclude Include="SqliteDB.h">
      <Filter>Header Files</Filter>
    </ClInclude>
    <ClInclude Include="SqliteDBEx.h">
      <Filter>Header Files</Filter>
    </ClInclude>
    <ClInclude Include="utilities.h">
      <Filter>Header Files</Filter>
    </ClInclude>
    <ClInclude Include="version.h">
      <Filter>Header Files</Filter>
    </ClInclude>
    <ClInclude Include="Color.h">
      <Filter>Header Files</Filter>
    </ClInclude>
    <ClInclude Include="SelectPeople.h">
      <Filter>Header Files</Filter>
    </ClInclude>
    <ClInclude Include="Date.h">
      <Filter>Header Files</Filter>
    </ClInclude>
    <ClInclude Include="about.h">
      <Filter>Header Files</Filter>
    </ClInclude>
    <ClInclude Include="SelectOne.h">
      <Filter>Header Files</Filter>
    </ClInclude>
    <ClInclude Include="SelectHtmlFile.h">
      <Filter>Header Files</Filter>
    </ClInclude>
    <ClInclude Include="structures.h">
      <Filter>Header Files</Filter>
    </ClInclude>
    <ClInclude Include="SelectCodesystem.h">
      <Filter>Header Files</Filter>
    </ClInclude>
    <ClInclude Include="EditText.h">
      <Filter>Header Files</Filter>
    </ClInclude>
    <ClInclude Include="GetString.h">
      <Filter>Header Files</Filter>
    </ClInclude>
    <ClInclude Include="Info_db.h">
      <Filter>Header Files</Filter>
    </ClInclude>
    <ClInclude Include="Table_marriages.h">
      <Filter>Header Files</Filter>
    </ClInclude>
    <ClInclude Include="Table_tables.h">
      <Filter>Header Files</Filter>
    </ClInclude>
    <ClInclude Include="Table_html.h">
      <Filter>Header Files</Filter>
    </ClInclude>
    <ClInclude Include="version_num.h">
      <Filter>Header Files</Filter>
    </ClInclude>
    <ClInclude Include="build_defs.h">
      <Filter>Header Files</Filter>
    </ClInclude>
    <ClInclude Include="Filter.h">
      <Filter>Header Files</Filter>
    </ClInclude>
    <ClInclude Include="Table_files.h">
      <Filter>Header Files</Filter>
    </ClInclude>
    <ClInclude Include="SelectParent.h">
      <Filter>Header Files</Filter>
    </ClInclude>
    <ClInclude Include="ColumnsList.h">
      <Filter>Header Files</Filter>
    </ClInclude>
    <ClInclude Include="Table_GaTables.h">
      <Filter>Header Files</Filter>
    </ClInclude>
    <ClInclude Include="SelectTableName.h">
      <Filter>Header Files</Filter>
    </ClInclude>
    <ClInclude Include="SelectFamilyName.h">
      <Filter>Header Files</Filter>
    </ClInclude>
    <ClInclude Include="SelectTableHtml.h">
      <Filter>Header Files</Filter>
    </ClInclude>
    <ClInclude Include="Table_firstnames.h">
      <Filter>Header Files</Filter>
    </ClInclude>
    <ClInclude Include="SelectString.h">
      <Filter>Header Files</Filter>
    </ClInclude>
    <ClInclude Include="SelectFamily.h">
      <Filter>Header Files</Filter>
    </ClInclude>
    <ClInclude Include="textfile.h">
      <Filter>Header Files</Filter>
    </ClInclude>
    <ClInclude Include="EditTable.h">
      <Filter>Header Files</Filter>
    </ClInclude>
    <ClInclude Include="SelectedFiles.h">
      <Filter>Header Files</Filter>
    </ClInclude>
    <ClInclude Include="Setup.h">
      <Filter>Header Files</Filter>
    </ClInclude>
    <ClInclude Include="html_Descendants.h">
      <Filter>Header Files</Filter>
    </ClInclude>
    <ClInclude Include="html_SpouseSpouses.h">
      <Filter>Header Files</Filter>
    </ClInclude>
    <ClInclude Include="SameParams.h">
      <Filter>Header Files</Filter>
    </ClInclude>
    <ClInclude Include="FirstLetter.h">
      <Filter>Header Files</Filter>
    </ClInclude>
    <ClInclude Include="EditFirstName.h">
      <Filter>Header Files</Filter>
    </ClInclude>
    <ClInclude Include="Languages.h">
      <Filter>Header Files</Filter>
    </ClInclude>
    <ClInclude Include="html_Spouses.h">
      <Filter>Header Files</Filter>
    </ClInclude>
    <ClInclude Include="html_Marriages.h">
      <Filter>Header Files</Filter>
    </ClInclude>
    <ClInclude Include="Message.h">
      <Filter>Header Files</Filter>
    </ClInclude>
    <ClInclude Include="html_Brackets.h">
      <Filter>Header Files</Filter>
    </ClInclude>
    <ClInclude Include="html_Lines.h">
      <Filter>Header Files</Filter>
    </ClInclude>
    <ClInclude Include="html_Edit.h">
      <Filter>Header Files</Filter>
    </ClInclude>
    <ClInclude Include="ConnectCsalad.h">
      <Filter>Header Files</Filter>
    </ClInclude>
    <ClInclude Include="namesParam.h">
      <Filter>Header Files</Filter>
    </ClInclude>
    <ClInclude Include="checkParam1.h">
      <Filter>Header Files</Filter>
    </ClInclude>
    <ClInclude Include="checkParam4.h">
      <Filter>Header Files</Filter>
    </ClInclude>
    <ClInclude Include="checkParam2.h">
      <Filter>Header Files</Filter>
    </ClInclude>
    <ClInclude Include="GetLastFirst.h">
      <Filter>Header Files</Filter>
    </ClInclude>
    <ClInclude Include="checkParam3.h">
      <Filter>Header Files</Filter>
    </ClInclude>
    <ClInclude Include="SelectMother.h">
      <Filter>Header Files</Filter>
    </ClInclude>
    <ClInclude Include="GetPeople.h">
      <Filter>Header Files</Filter>
    </ClInclude>
    <ClInclude Include="WM_USER.h">
      <Filter>Header Files</Filter>
    </ClInclude>
    <ClInclude Include="GA_structures.h">
      <Filter>Header Files</Filter>
    </ClInclude>
    <ClInclude Include="GA_ascendants.h">
      <Filter>Header Files</Filter>
    </ClInclude>
    <ClInclude Include="GA_input.h">
      <Filter>Header Files</Filter>
    </ClInclude>
    <ClInclude Include="GA_input_parameters.h">
      <Filter>Header Files</Filter>
    </ClInclude>
    <ClInclude Include="EditPeople.h">
      <Filter>Header Files</Filter>
    </ClInclude>
    <ClInclude Include="Relations.h">
      <Filter>Header Files</Filter>
    </ClInclude>
    <ClInclude Include="GA_descendants.h">
      <Filter>Header Files</Filter>
    </ClInclude>
    <ClInclude Include="checkGenerations.h">
      <Filter>Header Files</Filter>
    </ClInclude>
    <ClInclude Include="checkLifespan.h">
      <Filter>Header Files</Filter>
    </ClInclude>
    <ClInclude Include="checkLifespanListCtrl.h">
      <Filter>Header Files</Filter>
    </ClInclude>
    <ClInclude Include="checkDateFormat.h">
      <Filter>Header Files</Filter>
    </ClInclude>
    <ClInclude Include="checkMotherDeath.h">
      <Filter>Header Files</Filter>
    </ClInclude>
    <ClInclude Include="checkFatherDeath9.h">
      <Filter>Header Files</Filter>
    </ClInclude>
    <ClInclude Include="Table_titles.h">
      <Filter>Header Files</Filter>
    </ClInclude>
    <ClInclude Include="Table_places.h">
      <Filter>Header Files</Filter>
    </ClInclude>
    <ClInclude Include="checkParam.h">
      <Filter>Header Files</Filter>
    </ClInclude>
    <ClInclude Include="checkParentChild.h">
      <Filter>Header Files</Filter>
    </ClInclude>
    <ClInclude Include="checkSpouseAge.h">
      <Filter>Header Files</Filter>
    </ClInclude>
    <ClInclude Include="checkSpousesDiff.h">
      <Filter>Header Files</Filter>
    </ClInclude>
    <ClInclude Include="checkSpousesSex.h">
      <Filter>Header Files</Filter>
    </ClInclude>
    <ClInclude Include="checkSameNameAnd.h">
      <Filter>Header Files</Filter>
    </ClInclude>
    <ClInclude Include="checkSameSpouses.h">
      <Filter>Header Files</Filter>
    </ClInclude>
    <ClInclude Include="listPeopleAndSpouses.h">
      <Filter>Header Files</Filter>
    </ClInclude>
    <ClInclude Include="checkParam0.h">
      <Filter>Header Files</Filter>
    </ClInclude>
    <ClInclude Include="listPeopleAndFamily.h">
      <Filter>Header Files</Filter>
    </ClInclude>
    <ClInclude Include="SamePeople.h">
      <Filter>Header Files</Filter>
    </ClInclude>
    <ClInclude Include="Table_people.h">
      <Filter>Header Files</Filter>
    </ClInclude>
    <ClInclude Include="InputErrors.h">
      <Filter>Header Files</Filter>
    </ClInclude>
    <ClInclude Include="CheckNames.h">
      <Filter>Header Files</Filter>
    </ClInclude>
    <ClInclude Include="CheckMotherIndex.h">
      <Filter>Header Files</Filter>
    </ClInclude>
    <ClInclude Include="GA_ascendantsChain.h">
      <Filter>Header Files</Filter>
    </ClInclude>
    <ClInclude Include="Table_blobs.h">
      <Filter>Header Files</Filter>
    </ClInclude>
    <ClInclude Include="GedcomOut.h">
      <Filter>Header Files</Filter>
    </ClInclude>
    <ClInclude Include="gedcomIn.h">
      <Filter>Header Files</Filter>
    </ClInclude>
    <ClInclude Include="Pictures.h">
      <Filter>Header Files</Filter>
    </ClInclude>
    <ClInclude Include="NewPeople.h">
      <Filter>Header Files</Filter>
    </ClInclude>
    <ClInclude Include="GetMarriage.h">
      <Filter>Header Files</Filter>
    </ClInclude>
    <ClInclude Include="EditMarriage.h">
      <Filter>Header Files</Filter>
    </ClInclude>
    <ClInclude Include="SameName.h">
      <Filter>Header Files</Filter>
    </ClInclude>
    <ClInclude Include="Help.h">
      <Filter>Header Files</Filter>
    </ClInclude>
    <ClInclude Include="SaveFirstName.h">
      <Filter>Header Files</Filter>
    </ClInclude>
    <ClInclude Include="EditComment.h">
      <Filter>Header Files</Filter>
    </ClInclude>
  </ItemGroup>
  <ItemGroup>
    <ClCompile Include="Fa.cpp">
      <Filter>Source Files</Filter>
    </ClCompile>
    <ClCompile Include="FaDlg.cpp">
      <Filter>Source Files</Filter>
    </ClCompile>
    <ClCompile Include="stdafx.cpp">
      <Filter>Source Files</Filter>
    </ClCompile>
    <ClCompile Include="ColorStatic.cpp">
      <Filter>Source Files</Filter>
    </ClCompile>
    <ClCompile Include="ComboItem.cpp">
      <Filter>Source Files</Filter>
    </ClCompile>
    <ClCompile Include="EditItem.cpp">
      <Filter>Source Files</Filter>
    </ClCompile>
    <ClCompile Include="ListBoxEx.cpp">
      <Filter>Source Files</Filter>
    </ClCompile>
    <ClCompile Include="ListCtrlEx.cpp">
      <Filter>Source Files</Filter>
    </ClCompile>
    <ClCompile Include="ProgressWnd.cpp">
      <Filter>Source Files</Filter>
    </ClCompile>
    <ClCompile Include="sfqSort.cpp">
      <Filter>Source Files</Filter>
    </ClCompile>
    <ClCompile Include="SqliteDB.cpp">
      <Filter>Source Files</Filter>
    </ClCompile>
    <ClCompile Include="SqliteDBEx.cpp">
      <Filter>Source Files</Filter>
    </ClCompile>
    <ClCompile Include="utilities.cpp">
      <Filter>Source Files</Filter>
    </ClCompile>
    <ClCompile Include="SelectPeople.cpp">
      <Filter>Source Files</Filter>
    </ClCompile>
    <ClCompile Include="Fa_utilities.cpp">
      <Filter>Source Files</Filter>
    </ClCompile>
    <ClCompile Include="Date.cpp">
      <Filter>Source Files</Filter>
    </ClCompile>
    <ClCompile Include="about.cpp">
      <Filter>Source Files</Filter>
    </ClCompile>
    <ClCompile Include="SelectOne.cpp">
      <Filter>Source Files</Filter>
    </ClCompile>
    <ClCompile Include="SelectHtmlFile.cpp">
      <Filter>Source Files</Filter>
    </ClCompile>
    <ClCompile Include="SelectCodesystem.cpp">
      <Filter>Source Files</Filter>
    </ClCompile>
    <ClCompile Include="EditText.cpp">
      <Filter>Source Files</Filter>
    </ClCompile>
    <ClCompile Include="GetString.cpp">
      <Filter>Source Files</Filter>
    </ClCompile>
    <ClCompile Include="Info_db.cpp">
      <Filter>Source Files</Filter>
    </ClCompile>
    <ClCompile Include="Table_marriages.cpp">
      <Filter>Source Files</Filter>
    </ClCompile>
    <ClCompile Include="Table_tables.cpp">
      <Filter>Source Files</Filter>
    </ClCompile>
    <ClCompile Include="Table_html.cpp">
      <Filter>Source Files</Filter>
    </ClCompile>
    <ClCompile Include="Filter.cpp">
      <Filter>Source Files</Filter>
    </ClCompile>
    <ClCompile Include="Table_files.cpp">
      <Filter>Source Files</Filter>
    </ClCompile>
    <ClCompile Include="SelectParent.cpp">
      <Filter>Source Files</Filter>
    </ClCompile>
    <ClCompile Include="FaDlg_input.cpp">
      <Filter>Source Files</Filter>
    </ClCompile>
    <ClCompile Include="app_export.cpp">
      <Filter>Source Files</Filter>
    </ClCompile>
    <ClCompile Include="ColumnsList.cpp">
      <Filter>Source Files</Filter>
    </ClCompile>
    <ClCompile Include="Table_GaTables.cpp">
      <Filter>Source Files</Filter>
    </ClCompile>
    <ClCompile Include="SelectTableName.cpp">
      <Filter>Source Files</Filter>
    </ClCompile>
    <ClCompile Include="SelectFamilyName.cpp">
      <Filter>Source Files</Filter>
    </ClCompile>
    <ClCompile Include="SelectTableHtml.cpp">
      <Filter>Source Files</Filter>
    </ClCompile>
    <ClCompile Include="Table_firstnames.cpp">
      <Filter>Source Files</Filter>
    </ClCompile>
    <ClCompile Include="SelectString.cpp">
      <Filter>Source Files</Filter>
    </ClCompile>
    <ClCompile Include="SelectFamily.cpp">
      <Filter>Source Files</Filter>
    </ClCompile>
    <ClCompile Include="textfile.cpp">
      <Filter>Source Files</Filter>
    </ClCompile>
    <ClCompile Include="Info.cpp">
      <Filter>Source Files</Filter>
    </ClCompile>
    <ClCompile Include="EditTable.cpp">
      <Filter>Source Files</Filter>
    </ClCompile>
    <ClCompile Include="SelectedFiles.cpp">
      <Filter>Source Files</Filter>
    </ClCompile>
    <ClCompile Include="Setup.cpp">
      <Filter>Source Files</Filter>
    </ClCompile>
    <ClCompile Include="html_Descendants.cpp">
      <Filter>Source Files</Filter>
    </ClCompile>
    <ClCompile Include="html_SpouseSpouses.cpp">
      <Filter>Source Files</Filter>
    </ClCompile>
    <ClCompile Include="SameParams.cpp">
      <Filter>Source Files</Filter>
    </ClCompile>
    <ClCompile Include="FirstLetter.cpp">
      <Filter>Source Files</Filter>
    </ClCompile>
    <ClCompile Include="EditFirstName.cpp">
      <Filter>Source Files</Filter>
    </ClCompile>
    <ClCompile Include="Languages.cpp">
      <Filter>Source Files</Filter>
    </ClCompile>
    <ClCompile Include="html_Spouses.cpp">
      <Filter>Source Files</Filter>
    </ClCompile>
    <ClCompile Include="html_Marriages.cpp">
      <Filter>Source Files</Filter>
    </ClCompile>
    <ClCompile Include="html.cpp">
      <Filter>Source Files</Filter>
    </ClCompile>
    <ClCompile Include="Message.cpp">
      <Filter>Source Files</Filter>
    </ClCompile>
    <ClCompile Include="html_Brackets.cpp">
      <Filter>Source Files</Filter>
    </ClCompile>
    <ClCompile Include="html_Lines.cpp">
      <Filter>Source Files</Filter>
    </ClCompile>
    <ClCompile Include="html_Edit.cpp">
      <Filter>Source Files</Filter>
    </ClCompile>
    <ClCompile Include="ConnectCsalad.cpp">
      <Filter>Source Files</Filter>
    </ClCompile>
    <ClCompile Include="namesParam.cpp">
      <Filter>Source Files</Filter>
    </ClCompile>
    <ClCompile Include="checkParam1.cpp">
      <Filter>Source Files</Filter>
    </ClCompile>
    <ClCompile Include="checkParam4.cpp">
      <Filter>Source Files</Filter>
    </ClCompile>
    <ClCompile Include="checkParam2.cpp">
      <Filter>Source Files</Filter>
    </ClCompile>
    <ClCompile Include="GetLastFirst.cpp">
      <Filter>Source Files</Filter>
    </ClCompile>
    <ClCompile Include="checkParam3.cpp">
      <Filter>Source Files</Filter>
    </ClCompile>
    <ClCompile Include="SelectMother.cpp">
      <Filter>Source Files</Filter>
    </ClCompile>
    <ClCompile Include="GetPeople.cpp">
      <Filter>Source Files</Filter>
    </ClCompile>
    <ClCompile Include="GA_ascendants.cpp">
      <Filter>Source Files</Filter>
    </ClCompile>
    <ClCompile Include="GA_input.cpp">
      <Filter>Source Files</Filter>
    </ClCompile>
    <ClCompile Include="GA_input_common.cpp">
      <Filter>Source Files</Filter>
    </ClCompile>
    <ClCompile Include="GA_input_DescendantSubstring.cpp">
      <Filter>Source Files</Filter>
    </ClCompile>
    <ClCompile Include="GA_input_Line.cpp">
      <Filter>Source Files</Filter>
    </ClCompile>
    <ClCompile Include="GA_input_MarriageVector.cpp">
      <Filter>Source Files</Filter>
    </ClCompile>
    <ClCompile Include="GA_input_PeopleString.cpp">
      <Filter>Source Files</Filter>
    </ClCompile>
    <ClCompile Include="GA_input_PlaceDateComment.cpp">
      <Filter>Source Files</Filter>
    </ClCompile>
    <ClCompile Include="GA_input_TableHeader.cpp">
      <Filter>Source Files</Filter>
    </ClCompile>
    <ClCompile Include="GA_input_insert_blocks.cpp">
      <Filter>Source Files</Filter>
    </ClCompile>
    <ClCompile Include="EditPeople.cpp">
      <Filter>Source Files</Filter>
    </ClCompile>
    <ClCompile Include="Relations.cpp">
      <Filter>Source Files</Filter>
    </ClCompile>
    <ClCompile Include="GA_descendant_utility.cpp">
      <Filter>Source Files</Filter>
    </ClCompile>
    <ClCompile Include="GA_descendants.cpp">
      <Filter>Source Files</Filter>
    </ClCompile>
    <ClCompile Include="GA_descendantsPrint.cpp">
      <Filter>Source Files</Filter>
    </ClCompile>
    <ClCompile Include="checkGenerations.cpp">
      <Filter>Source Files</Filter>
    </ClCompile>
    <ClCompile Include="checkLifespan.cpp">
      <Filter>Source Files</Filter>
    </ClCompile>
    <ClCompile Include="checkLifespanListCtrl.cpp">
      <Filter>Source Files</Filter>
    </ClCompile>
    <ClCompile Include="checkDateFormat.cpp">
      <Filter>Source Files</Filter>
    </ClCompile>
    <ClCompile Include="checkMotherDeath.cpp">
      <Filter>Source Files</Filter>
    </ClCompile>
    <ClCompile Include="checkFatherDeath9.cpp">
      <Filter>Source Files</Filter>
    </ClCompile>
    <ClCompile Include="Table_titles.cpp">
      <Filter>Source Files</Filter>
    </ClCompile>
    <ClCompile Include="Table_places.cpp">
      <Filter>Source Files</Filter>
    </ClCompile>
    <ClCompile Include="checkParam.cpp">
      <Filter>Source Files</Filter>
    </ClCompile>
    <ClCompile Include="checkParentChild.cpp">
      <Filter>Source Files</Filter>
    </ClCompile>
    <ClCompile Include="checkSpouseAge.cpp">
      <Filter>Source Files</Filter>
    </ClCompile>
    <ClCompile Include="checkSpousesDiff.cpp">
      <Filter>Source Files</Filter>
    </ClCompile>
    <ClCompile Include="checkSpousesSex.cpp">
      <Filter>Source Files</Filter>
    </ClCompile>
    <ClCompile Include="checkSameNameAnd.cpp">
      <Filter>Source Files</Filter>
    </ClCompile>
    <ClCompile Include="checkSameSpouses.cpp">
      <Filter>Source Files</Filter>
    </ClCompile>
    <ClCompile Include="listPeopleAndSpouses.cpp">
      <Filter>Source Files</Filter>
    </ClCompile>
    <ClCompile Include="checkParam0.cpp">
      <Filter>Source Files</Filter>
    </ClCompile>
    <ClCompile Include="listPeopleAndFamily.cpp">
      <Filter>Source Files</Filter>
    </ClCompile>
    <ClCompile Include="SamePeople.cpp">
      <Filter>Source Files</Filter>
    </ClCompile>
    <ClCompile Include="Table_people.cpp">
      <Filter>Source Files</Filter>
    </ClCompile>
    <ClCompile Include="InputErrors.cpp">
      <Filter>Source Files</Filter>
    </ClCompile>
    <ClCompile Include="ga_input_parameters.CPP">
      <Filter>Source Files</Filter>
    </ClCompile>
    <ClCompile Include="checkNames.cpp">
      <Filter>Source Files</Filter>
    </ClCompile>
    <ClCompile Include="checkMotherIndex.cpp">
      <Filter>Source Files</Filter>
    </ClCompile>
    <ClCompile Include="GA_ascendantsChain.cpp">
      <Filter>Source Files</Filter>
    </ClCompile>
    <ClCompile Include="Table_blobs.cpp">
      <Filter>Source Files</Filter>
    </ClCompile>
    <ClCompile Include="GedcomOut.cpp">
      <Filter>Source Files</Filter>
    </ClCompile>
    <ClCompile Include="GedcomIn.cpp">
      <Filter>Source Files</Filter>
    </ClCompile>
    <ClCompile Include="GedcomIn_fillVectors.cpp">
      <Filter>Source Files</Filter>
    </ClCompile>
    <ClCompile Include="Pictures.cpp">
      <Filter>Source Files</Filter>
    </ClCompile>
    <ClCompile Include="Gedcom.cpp">
      <Filter>Source Files</Filter>
    </ClCompile>
    <ClCompile Include="NewPeople.cpp">
      <Filter>Source Files</Filter>
    </ClCompile>
    <ClCompile Include="GetMarriage.cpp">
      <Filter>Source Files</Filter>
    </ClCompile>
    <ClCompile Include="EditMarriage.cpp">
      <Filter>Source Files</Filter>
    </ClCompile>
    <ClCompile Include="SameName.cpp">
      <Filter>Source Files</Filter>
    </ClCompile>
    <ClCompile Include="Help.cpp">
      <Filter>Source Files</Filter>
    </ClCompile>
    <ClCompile Include="SaveFirstName.cpp">
      <Filter>Source Files</Filter>
    </ClCompile>
    <ClCompile Include="inputMethod1.cpp">
      <Filter>Source Files</Filter>
    </ClCompile>
    <ClCompile Include="gedcomTagTable.cpp">
      <Filter>Source Files</Filter>
    </ClCompile>
    <ClCompile Include="EditComment.cpp">
      <Filter>Source Files</Filter>
    </ClCompile>
  </ItemGroup>
  <ItemGroup>
    <ResourceCompile Include="Fa.rc">
      <Filter>Resource Files</Filter>
    </ResourceCompile>
  </ItemGroup>
  <ItemGroup>
    <None Include="res\Fa.rc2">
      <Filter>Resource Files</Filter>
    </None>
  </ItemGroup>
  <ItemGroup>
    <Image Include="res\tree.bmp">
      <Filter>Resource Files</Filter>
    </Image>
    <Image Include="res\tree.ico">
      <Filter>Resource Files</Filter>
    </Image>
    <Image Include="res\families.ico">
      <Filter>Resource Files</Filter>
    </Image>
  </ItemGroup>
</Project>